Microsoft Visual Studio Solution File, Format Version 11.00
# Visual Studio 2008

Project("{175B57B3-9858-1B56-755E-0CA0D740867C}") = "Thesis Unity", "Assembly-CSharp-firstpass-vs.csproj", "{7D471E73-7FC8-FDF3-889D-7A202102DABD}"
EndProject
Project("{175B57B3-9858-1B56-755E-0CA0D740867C}") = "Thesis Unity", "Assembly-CSharp-vs.csproj", "{EC09BEC8-96A8-431C-3368-39C07DA8514A}"
EndProject
Project("{175B57B3-9858-1B56-755E-0CA0D740867C}") = "Thesis Unity", "Assembly-CSharp-Editor-vs.csproj", "{56717E98-933B-E33C-BBA8-9110806943CF}"
EndProject
Global
	GlobalSection(SolutionConfigurationPlatforms) = preSolution
		Debug|Any CPU = Debug|Any CPU
		Release|Any CPU = Release|Any CPU
	EndGlobalSection
	GlobalSection(ProjectConfigurationPlatforms) = postSolution
		{7D471E73-7FC8-FDF3-889D-7A202102DABD}.Debug|Any CPU.ActiveCfg = Debug|Any CPU
		{7D471E73-7FC8-FDF3-889D-7A202102DABD}.Debug|Any CPU.Build.0 = Debug|Any CPU
		{7D471E73-7FC8-FDF3-889D-7A202102DABD}.Release|Any CPU.ActiveCfg = Release|Any CPU
		{7D471E73-7FC8-FDF3-889D-7A202102DABD}.Release|Any CPU.Build.0 = Release|Any CPU
		{EC09BEC8-96A8-431C-3368-39C07DA8514A}.Debug|Any CPU.ActiveCfg = Debug|Any CPU
		{EC09BEC8-96A8-431C-3368-39C07DA8514A}.Debug|Any CPU.Build.0 = Debug|Any CPU
		{EC09BEC8-96A8-431C-3368-39C07DA8514A}.Release|Any CPU.ActiveCfg = Release|Any CPU
		{EC09BEC8-96A8-431C-3368-39C07DA8514A}.Release|Any CPU.Build.0 = Release|Any CPU
		{56717E98-933B-E33C-BBA8-9110806943CF}.Debug|Any CPU.ActiveCfg = Debug|Any CPU
		{56717E98-933B-E33C-BBA8-9110806943CF}.Debug|Any CPU.Build.0 = Debug|Any CPU
		{56717E98-933B-E33C-BBA8-9110806943CF}.Release|Any CPU.ActiveCfg = Release|Any CPU
		{56717E98-933B-E33C-BBA8-9110806943CF}.Release|Any CPU.Build.0 = Release|Any CPU
	EndGlobalSection
	GlobalSection(SolutionProperties) = preSolution
		HideSolutionNode = FALSE
	EndGlobalSection
																																																																																													GlobalSection(MonoDevelopProperties) = preSolution
=======
																																																																																			GlobalSection(MonoDevelopProperties) = preSolution
>>>>>>> Stashed changes
		StartupItem = Assembly-CSharp.csproj
		Policies = $0
		$0.TextStylePolicy = $1
		$1.inheritsSet = null
		$1.scope = text/x-csharp
		$0.CSharpFormattingPolicy = $2
		$2.inheritsSet = Mono
		$2.inheritsScope = text/x-csharp
		$2.scope = text/x-csharp
		$0.TextStylePolicy = $3
		$3.FileWidth = 120
		$3.TabWidth = 4
		$3.EolMarker = Unix
		$3.inheritsSet = Mono
		$3.inheritsScope = text/plain
		$3.scope = text/plain
	EndGlobalSection

EndGlobal
