Microsoft Visual Studio Solution File, Format Version 11.00
# Visual Studio 2008

Project("{7DEFCC2A-E875-E89D-D80A-59DF4CCF64E0}") = "Thesis Unity current", "Assembly-CSharp.csproj", "{18829DBF-8285-9B5A-5717-B438F56ECFAE}"
EndProject
Global
	GlobalSection(SolutionConfigurationPlatforms) = preSolution
		Debug|Any CPU = Debug|Any CPU
		Release|Any CPU = Release|Any CPU
	EndGlobalSection
	GlobalSection(ProjectConfigurationPlatforms) = postSolution
		{18829DBF-8285-9B5A-5717-B438F56ECFAE}.Debug|Any CPU.ActiveCfg = Debug|Any CPU
		{18829DBF-8285-9B5A-5717-B438F56ECFAE}.Debug|Any CPU.Build.0 = Debug|Any CPU
		{18829DBF-8285-9B5A-5717-B438F56ECFAE}.Release|Any CPU.ActiveCfg = Release|Any CPU
		{18829DBF-8285-9B5A-5717-B438F56ECFAE}.Release|Any CPU.Build.0 = Release|Any CPU
	EndGlobalSection
	GlobalSection(SolutionProperties) = preSolution
		HideSolutionNode = FALSE
	EndGlobalSection
																											GlobalSection(MonoDevelopProperties) = preSolution
		StartupItem = Assembly-CSharp.csproj
		Policies = $0
		$0.TextStylePolicy = $1
		$1.inheritsSet = null
		$1.scope = text/x-csharp
		$0.CSharpFormattingPolicy = $2
		$2.inheritsSet = Mono
		$2.inheritsScope = text/x-csharp
		$2.scope = text/x-csharp
		$0.TextStylePolicy = $3
		$3.FileWidth = 120
		$3.TabWidth = 4
		$3.IndentWidth = 4
		$3.EolMarker = Unix
		$3.inheritsSet = Mono
		$3.inheritsScope = text/plain
		$3.scope = text/plain
	EndGlobalSection

EndGlobal
