
Microsoft Visual Studio Solution File, Format Version 12.00
# Visual Studio 2013
Project("{FAE04EC0-301F-11D3-BF4B-00C04F79EFBC}") = "UnityVS.Thesis Unity.CSharp", "UnityVS.Thesis Unity.CSharp.csproj", "{47E81AF2-A6C1-7BC2-8307-41C8281A75AE}"
EndProject
Global
	GlobalSection(SolutionConfigurationPlatforms) = preSolution
		Debug|Any CPU = Debug|Any CPU
		Release|Any CPU = Release|Any CPU
	EndGlobalSection
	GlobalSection(ProjectConfigurationPlatforms) = postSolution
		{47E81AF2-A6C1-7BC2-8307-41C8281A75AE}.Debug|Any CPU.ActiveCfg = Debug|Any CPU
		{47E81AF2-A6C1-7BC2-8307-41C8281A75AE}.Debug|Any CPU.Build.0 = Debug|Any CPU
		{47E81AF2-A6C1-7BC2-8307-41C8281A75AE}.Release|Any CPU.ActiveCfg = Release|Any CPU
		{47E81AF2-A6C1-7BC2-8307-41C8281A75AE}.Release|Any CPU.Build.0 = Release|Any CPU
	EndGlobalSection
	GlobalSection(SolutionProperties) = preSolution
		HideSolutionNode = FALSE
	EndGlobalSection
EndGlobal
